
Microsoft Visual Studio Solution File, Format Version 12.00
# Visual Studio 15
VisualStudioVersion = 15.0.28307.421
MinimumVisualStudioVersion = 10.0.40219.1
Project("{FAE04EC0-301F-11D3-BF4B-00C04F79EFBC}") = "Message Encryption", "Message Encryption\Message Encryption.csproj", "{541F0DA7-6BA0-41C9-81A6-9168D80608F4}"
EndProject
Global
	GlobalSection(SolutionConfigurationPlatforms) = preSolution
		Debug|Any CPU = Debug|Any CPU
		Release|Any CPU = Release|Any CPU
	EndGlobalSection
	GlobalSection(ProjectConfigurationPlatforms) = postSolution
		{541F0DA7-6BA0-41C9-81A6-9168D80608F4}.Debug|Any CPU.ActiveCfg = Debug|Any CPU
		{541F0DA7-6BA0-41C9-81A6-9168D80608F4}.Debug|Any CPU.Build.0 = Debug|Any CPU
		{541F0DA7-6BA0-41C9-81A6-9168D80608F4}.Release|Any CPU.ActiveCfg = Release|Any CPU
		{541F0DA7-6BA0-41C9-81A6-9168D80608F4}.Release|Any CPU.Build.0 = Release|Any CPU
	EndGlobalSection
	GlobalSection(SolutionProperties) = preSolution
		HideSolutionNode = FALSE
	EndGlobalSection
	GlobalSection(ExtensibilityGlobals) = postSolution
		SolutionGuid = {72E07B24-E981-4F8F-AF09-0EB7570F0D21}
	EndGlobalSection
EndGlobal
